
Microsoft Visual Studio Solution File, Format Version 12.00
# Visual Studio Version 16
VisualStudioVersion = 16.0.29709.97
MinimumVisualStudioVersion = 10.0.40219.1
Project("{8BC9CEB8-8B4A-11D0-8D11-00A0C91BC942}") = "Crusade", "Crusade\Crusade.vcxproj", "{06B5E172-1290-4AC2-8F42-3FEDEC879010}"
EndProject
Project("{8BC9CEB8-8B4A-11D0-8D11-00A0C91BC942}") = "Command_Assignment", "Command_Assignment\Command_Assignment.vcxproj", "{AD52C822-FCDF-4637-B218-9D5B26EB5EBB}"
EndProject
Project("{8BC9CEB8-8B4A-11D0-8D11-00A0C91BC942}") = "Qbert", "Qbert\Qbert.vcxproj", "{CB3F0BDA-E03C-4BC4-AA24-9BBB997BC13C}"
EndProject
Global
	GlobalSection(SolutionConfigurationPlatforms) = preSolution
		Debug|x64 = Debug|x64
		Debug|x86 = Debug|x86
		Release|x64 = Release|x64
		Release|x86 = Release|x86
	EndGlobalSection
	GlobalSection(ProjectConfigurationPlatforms) = postSolution
		{06B5E172-1290-4AC2-8F42-3FEDEC879010}.Debug|x64.ActiveCfg = Debug|x64
		{06B5E172-1290-4AC2-8F42-3FEDEC879010}.Debug|x64.Build.0 = Debug|x64
		{06B5E172-1290-4AC2-8F42-3FEDEC879010}.Debug|x86.ActiveCfg = Debug|Win32
		{06B5E172-1290-4AC2-8F42-3FEDEC879010}.Debug|x86.Build.0 = Debug|Win32
		{06B5E172-1290-4AC2-8F42-3FEDEC879010}.Release|x64.ActiveCfg = Release|x64
		{06B5E172-1290-4AC2-8F42-3FEDEC879010}.Release|x64.Build.0 = Release|x64
		{06B5E172-1290-4AC2-8F42-3FEDEC879010}.Release|x86.ActiveCfg = Release|Win32
		{06B5E172-1290-4AC2-8F42-3FEDEC879010}.Release|x86.Build.0 = Release|Win32
		{AD52C822-FCDF-4637-B218-9D5B26EB5EBB}.Debug|x64.ActiveCfg = Debug|x64
		{AD52C822-FCDF-4637-B218-9D5B26EB5EBB}.Debug|x64.Build.0 = Debug|x64
		{AD52C822-FCDF-4637-B218-9D5B26EB5EBB}.Debug|x86.ActiveCfg = Debug|Win32
		{AD52C822-FCDF-4637-B218-9D5B26EB5EBB}.Debug|x86.Build.0 = Debug|Win32
		{AD52C822-FCDF-4637-B218-9D5B26EB5EBB}.Release|x64.ActiveCfg = Release|x64
		{AD52C822-FCDF-4637-B218-9D5B26EB5EBB}.Release|x64.Build.0 = Release|x64
		{AD52C822-FCDF-4637-B218-9D5B26EB5EBB}.Release|x86.ActiveCfg = Release|Win32
		{AD52C822-FCDF-4637-B218-9D5B26EB5EBB}.Release|x86.Build.0 = Release|Win32
		{CB3F0BDA-E03C-4BC4-AA24-9BBB997BC13C}.Debug|x64.ActiveCfg = Debug|x64
		{CB3F0BDA-E03C-4BC4-AA24-9BBB997BC13C}.Debug|x64.Build.0 = Debug|x64
		{CB3F0BDA-E03C-4BC4-AA24-9BBB997BC13C}.Debug|x86.ActiveCfg = Debug|Win32
		{CB3F0BDA-E03C-4BC4-AA24-9BBB997BC13C}.Debug|x86.Build.0 = Debug|Win32
		{CB3F0BDA-E03C-4BC4-AA24-9BBB997BC13C}.Release|x64.ActiveCfg = Release|x64
		{CB3F0BDA-E03C-4BC4-AA24-9BBB997BC13C}.Release|x64.Build.0 = Release|x64
		{CB3F0BDA-E03C-4BC4-AA24-9BBB997BC13C}.Release|x86.ActiveCfg = Release|Win32
		{CB3F0BDA-E03C-4BC4-AA24-9BBB997BC13C}.Release|x86.Build.0 = Release|Win32
	EndGlobalSection
	GlobalSection(SolutionProperties) = preSolution
		HideSolutionNode = FALSE
	EndGlobalSection
	GlobalSection(ExtensibilityGlobals) = postSolution
		SolutionGuid = {0EC5898B-D2F2-4193-AC86-1A61B49691D6}
	EndGlobalSection
EndGlobal
