<?xml version="1.0" encoding="utf-8"?>
<Project ToolsVersion="4.0" xmlns="http://schemas.microsoft.com/developer/msbuild/2003">
  <ItemGroup>
    <ClCompile Include="..\3rdParty\imgui-1.81\imgui.cpp">
      <Filter>3dParty\imgui</Filter>
    </ClCompile>
    <ClCompile Include="..\3rdParty\imgui-1.81\imgui_demo.cpp">
      <Filter>3dParty\imgui</Filter>
    </ClCompile>
    <ClCompile Include="..\3rdParty\imgui-1.81\imgui_draw.cpp">
      <Filter>3dParty\imgui</Filter>
    </ClCompile>
    <ClCompile Include="..\3rdParty\imgui-1.81\imgui_tables.cpp">
      <Filter>3dParty\imgui</Filter>
    </ClCompile>
    <ClCompile Include="..\3rdParty\imgui-1.81\imgui_widgets.cpp">
      <Filter>3dParty\imgui</Filter>
    </ClCompile>
    <ClCompile Include="..\3rdParty\imgui-1.81\backends\imgui_impl_opengl2.cpp">
      <Filter>3dParty\imgui</Filter>
    </ClCompile>
    <ClCompile Include="..\3rdParty\imgui-1.81\backends\imgui_impl_sdl.cpp">
      <Filter>3dParty\imgui</Filter>
    </ClCompile>
    <ClCompile Include="CTransform.cpp">
      <Filter>Crusade\Scene\GameObject\Component</Filter>
    </ClCompile>
    <ClCompile Include="Event.cpp">
      <Filter>Crusade\Scene\GameObject\Component</Filter>
    </ClCompile>
    <ClCompile Include="Font.cpp">
      <Filter>Crusade\Wrapper</Filter>
    </ClCompile>
    <ClCompile Include="InputManager.cpp">
      <Filter>Crusade\Foundation\Input</Filter>
    </ClCompile>
    <ClCompile Include="Main.cpp">
      <Filter>Crusade\Foundation\GameLoop</Filter>
    </ClCompile>
    <ClCompile Include="Minigin.cpp">
      <Filter>Crusade\Foundation\GameLoop</Filter>
    </ClCompile>
    <ClCompile Include="MiniginPCH.cpp">
      <Filter>Crusade\Foundation\PCH</Filter>
    </ClCompile>
    <ClCompile Include="RenderComponents.cpp">
      <Filter>Crusade\Scene\GameObject\Component</Filter>
    </ClCompile>
    <ClCompile Include="Renderer.cpp">
      <Filter>Crusade\Foundation\Rendering</Filter>
    </ClCompile>
    <ClCompile Include="ResourceManager.cpp">
      <Filter>Crusade\Foundation\Resource</Filter>
    </ClCompile>
    <ClCompile Include="Scene.cpp">
      <Filter>Crusade\Scene</Filter>
    </ClCompile>
    <ClCompile Include="SceneManager.cpp">
      <Filter>Crusade\Scene</Filter>
    </ClCompile>
    <ClCompile Include="Texture2D.cpp">
      <Filter>Crusade\Wrapper</Filter>
    </ClCompile>
    <ClCompile Include="Time.cpp">
      <Filter>Crusade\Utility</Filter>
    </ClCompile>
    <ClCompile Include="CRigidBody2D.cpp">
      <Filter>Crusade\Scene\GameObject\Component</Filter>
    </ClCompile>
    <ClCompile Include="Camera2D.cpp">
      <Filter>Crusade\Scene\GameObject\Component</Filter>
    </ClCompile>
    <ClCompile Include="structs.cpp">
      <Filter>Crusade\Utility</Filter>
    </ClCompile>
    <ClCompile Include="utils.cpp">
      <Filter>Crusade\Utility</Filter>
    </ClCompile>
    <ClCompile Include="Vector2f.cpp">
      <Filter>Crusade\Utility</Filter>
    </ClCompile>
    <ClCompile Include="CAnimator2D.cpp">
      <Filter>Crusade\Scene\GameObject\Component</Filter>
    </ClCompile>
    <ClCompile Include="Colliders2D.cpp">
      <Filter>Crusade\Scene\GameObject\Component</Filter>
    </ClCompile>
    <ClCompile Include="Sound_System.cpp">
      <Filter>Crusade\Foundation\Services\Sound</Filter>
    </ClCompile>
    <ClCompile Include="SDL_Sound_System.cpp">
      <Filter>Crusade\Foundation\Services\Sound</Filter>
    </ClCompile>
    <ClCompile Include="ServiceLocator.cpp">
      <Filter>Crusade\Foundation\Services</Filter>
    </ClCompile>
    <ClCompile Include="CSaveLoad.cpp">
      <Filter>Crusade\Scene\GameObject\Component</Filter>
    </ClCompile>
    <ClCompile Include="Lives.cpp">
      <Filter>Crusade\Game\Qbert\Observers</Filter>
    </ClCompile>
    <ClCompile Include="Score.cpp">
      <Filter>Crusade\Game\Qbert\Observers</Filter>
    </ClCompile>
    <ClCompile Include="Qbert.cpp">
      <Filter>Crusade\Game\Qbert\Player</Filter>
    </ClCompile>
    <ClCompile Include="Hexagon.cpp">
      <Filter>Crusade\Game\Qbert\Level</Filter>
    </ClCompile>
    <ClCompile Include="FPS.cpp">
      <Filter>Crusade\Game\Qbert\Level</Filter>
    </ClCompile>
    <ClCompile Include="MovementSteering.cpp">
      <Filter>Crusade\Game\Qbert\Player</Filter>
    </ClCompile>
    <ClCompile Include="DeathBox.cpp">
      <Filter>Crusade\Game\Qbert\Level</Filter>
    </ClCompile>
    <ClCompile Include="PlayerController.cpp">
      <Filter>Crusade\Game\Qbert\Player</Filter>
    </ClCompile>
    <ClCompile Include="GameObject.cpp">
      <Filter>Crusade\Scene\GameObject</Filter>
    </ClCompile>
    <ClCompile Include="QbertGame.cpp">
      <Filter>Crusade\Game\Qbert</Filter>
    </ClCompile>
    <ClCompile Include="LevelFinisher.cpp">
      <Filter>Crusade\Game\Qbert\Level</Filter>
    </ClCompile>
    <ClCompile Include="Levels.cpp">
      <Filter>Crusade\Game\Qbert\Level</Filter>
    </ClCompile>
    <ClCompile Include="Disk.cpp">
      <Filter>Crusade\Game\Qbert\Interatable</Filter>
    </ClCompile>
    <ClCompile Include="Ai.cpp">
      <Filter>Crusade\Game\Qbert\AI</Filter>
    </ClCompile>
    <ClCompile Include="AiMovements.cpp">
      <Filter>Crusade\Game\Qbert\AI</Filter>
    </ClCompile>
    <ClCompile Include="CharacterAnimationTrigger.cpp">
      <Filter>Crusade\Game\Qbert\Player</Filter>
    </ClCompile>
    <ClCompile Include="AiSpawner.cpp">
      <Filter>Crusade\Game\Qbert\AI</Filter>
    </ClCompile>
  </ItemGroup>
  <ItemGroup>
    <ClInclude Include="..\3rdParty\imgui-1.81\imconfig.h">
      <Filter>3dParty\imgui</Filter>
    </ClInclude>
    <ClInclude Include="..\3rdParty\imgui-1.81\imgui.h">
      <Filter>3dParty\imgui</Filter>
    </ClInclude>
    <ClInclude Include="..\3rdParty\imgui-1.81\imgui_internal.h">
      <Filter>3dParty\imgui</Filter>
    </ClInclude>
    <ClInclude Include="..\3rdParty\imgui-1.81\imstb_rectpack.h">
      <Filter>3dParty\imgui</Filter>
    </ClInclude>
    <ClInclude Include="..\3rdParty\imgui-1.81\imstb_textedit.h">
      <Filter>3dParty\imgui</Filter>
    </ClInclude>
    <ClInclude Include="..\3rdParty\imgui-1.81\imstb_truetype.h">
      <Filter>3dParty\imgui</Filter>
    </ClInclude>
    <ClInclude Include="..\3rdParty\imgui-1.81\backends\imgui_impl_opengl2.h">
      <Filter>3dParty\imgui</Filter>
    </ClInclude>
    <ClInclude Include="..\3rdParty\imgui-1.81\backends\imgui_impl_sdl.h">
      <Filter>3dParty\imgui</Filter>
    </ClInclude>
    <ClInclude Include="BaseComponent.h">
      <Filter>Crusade\Scene\GameObject\Component</Filter>
    </ClInclude>
    <ClInclude Include="Command.h">
      <Filter>Crusade\Foundation\Input</Filter>
    </ClInclude>
    <ClInclude Include="CTransform.h">
      <Filter>Crusade\Scene\GameObject\Component</Filter>
    </ClInclude>
    <ClInclude Include="Delay.h">
      <Filter>Crusade\Utility</Filter>
    </ClInclude>
    <ClInclude Include="Event.h">
      <Filter>Crusade\Scene\GameObject\Component</Filter>
    </ClInclude>
    <ClInclude Include="Font.h">
      <Filter>Crusade\Wrapper</Filter>
    </ClInclude>
    <ClInclude Include="GameObject.h">
      <Filter>Crusade\Scene\GameObject</Filter>
    </ClInclude>
    <ClInclude Include="InputManager.h">
      <Filter>Crusade\Foundation\Input</Filter>
    </ClInclude>
    <ClInclude Include="Minigin.h">
      <Filter>Crusade\Foundation\GameLoop</Filter>
    </ClInclude>
    <ClInclude Include="Prefab.h">
      <Filter>Crusade\Utility</Filter>
    </ClInclude>
    <ClInclude Include="RenderComponents.h">
      <Filter>Crusade\Scene\GameObject\Component</Filter>
    </ClInclude>
    <ClInclude Include="Renderer.h">
      <Filter>Crusade\Foundation\Rendering</Filter>
    </ClInclude>
    <ClInclude Include="ResourceManager.h">
      <Filter>Crusade\Foundation\Resource</Filter>
    </ClInclude>
    <ClInclude Include="Scene.h">
      <Filter>Crusade\Scene</Filter>
    </ClInclude>
    <ClInclude Include="SceneManager.h">
      <Filter>Crusade\Scene</Filter>
    </ClInclude>
    <ClInclude Include="Singleton.h">
      <Filter>Crusade\Utility</Filter>
    </ClInclude>
    <ClInclude Include="Texture2D.h">
      <Filter>Crusade\Wrapper</Filter>
    </ClInclude>
    <ClInclude Include="Time.h">
      <Filter>Crusade\Utility</Filter>
    </ClInclude>
    <ClInclude Include="CRigidBody2D.h">
      <Filter>Crusade\Scene\GameObject\Component</Filter>
    </ClInclude>
    <ClInclude Include="Camera2D.h">
      <Filter>Crusade\Scene\GameObject\Component</Filter>
    </ClInclude>
    <ClInclude Include="structs.h">
      <Filter>Crusade\Utility</Filter>
    </ClInclude>
    <ClInclude Include="utils.h">
      <Filter>Crusade\Utility</Filter>
    </ClInclude>
    <ClInclude Include="Vector2f.h">
      <Filter>Crusade\Utility</Filter>
    </ClInclude>
    <ClInclude Include="CAnimator2D.h">
      <Filter>Crusade\Scene\GameObject\Component</Filter>
    </ClInclude>
    <ClInclude Include="Colliders2D.h">
      <Filter>Crusade\Scene\GameObject\Component</Filter>
    </ClInclude>
    <ClInclude Include="ServiceLocator.h">
      <Filter>Crusade\Foundation\Services</Filter>
    </ClInclude>
    <ClInclude Include="Sound_System.h">
      <Filter>Crusade\Foundation\Services\Sound</Filter>
    </ClInclude>
    <ClInclude Include="SDL_Sound_System.h">
      <Filter>Crusade\Foundation\Services\Sound</Filter>
    </ClInclude>
    <ClInclude Include="CSaveLoad.h">
      <Filter>Crusade\Scene\GameObject\Component</Filter>
    </ClInclude>
    <ClInclude Include="Lives.h">
      <Filter>Crusade\Game\Qbert\Observers</Filter>
    </ClInclude>
    <ClInclude Include="Score.h">
      <Filter>Crusade\Game\Qbert\Observers</Filter>
    </ClInclude>
    <ClInclude Include="Qbert.h">
      <Filter>Crusade\Game\Qbert\Player</Filter>
    </ClInclude>
    <ClInclude Include="Hexagon.h">
      <Filter>Crusade\Game\Qbert\Level</Filter>
    </ClInclude>
    <ClInclude Include="FPS.h">
      <Filter>Crusade\Game\Qbert\Level</Filter>
    </ClInclude>
    <ClInclude Include="MovementSteering.h">
      <Filter>Crusade\Game\Qbert\Player</Filter>
    </ClInclude>
    <ClInclude Include="DeathBox.h">
      <Filter>Crusade\Game\Qbert\Level</Filter>
    </ClInclude>
    <ClInclude Include="PlayerController.h">
      <Filter>Crusade\Game\Qbert\Player</Filter>
    </ClInclude>
    <ClInclude Include="MiniginPCH.h">
      <Filter>Crusade\Foundation\PCH</Filter>
    </ClInclude>
    <ClInclude Include="Game.h">
      <Filter>Crusade\Foundation\GameLoop</Filter>
    </ClInclude>
    <ClInclude Include="QbertGame.h">
      <Filter>Crusade\Game\Qbert</Filter>
    </ClInclude>
    <ClInclude Include="LevelFinisher.h">
      <Filter>Crusade\Game\Qbert\Level</Filter>
    </ClInclude>
    <ClInclude Include="Levels.h">
      <Filter>Crusade\Game\Qbert\Level</Filter>
    </ClInclude>
    <ClInclude Include="Disk.h">
      <Filter>Crusade\Game\Qbert\Interatable</Filter>
    </ClInclude>
    <ClInclude Include="Ai.h">
      <Filter>Crusade\Game\Qbert\AI</Filter>
    </ClInclude>
    <ClInclude Include="AIMovements.h">
      <Filter>Crusade\Game\Qbert\AI</Filter>
    </ClInclude>
    <ClInclude Include="CharacterAnimationTrigger.h">
      <Filter>Crusade\Game\Qbert\Player</Filter>
    </ClInclude>
    <ClInclude Include="AiSpawner.h">
      <Filter>Crusade\Game\Qbert\AI</Filter>
    </ClInclude>
  </ItemGroup>
  <ItemGroup>
    <Filter Include="Crusade">
      <UniqueIdentifier>{0537a860-9fa8-4115-bd2b-24659b79f56a}</UniqueIdentifier>
    </Filter>
    <Filter Include="3dParty">
      <UniqueIdentifier>{c0338d0a-dbcc-4132-b4ca-196f740ea986}</UniqueIdentifier>
    </Filter>
    <Filter Include="Crusade\Scene">
      <UniqueIdentifier>{8fd163ad-1ad8-4a48-ba86-9e1924727b2f}</UniqueIdentifier>
    </Filter>
    <Filter Include="Crusade\Scene\GameObject">
      <UniqueIdentifier>{2597a82e-225d-4770-89c1-5942085c105a}</UniqueIdentifier>
    </Filter>
    <Filter Include="Crusade\Scene\GameObject\Component">
      <UniqueIdentifier>{094547ec-cb7f-44f6-bcc0-ffec1018adee}</UniqueIdentifier>
    </Filter>
    <Filter Include="3dParty\imgui">
      <UniqueIdentifier>{7e964d8c-c48e-4956-8d25-da5419673126}</UniqueIdentifier>
    </Filter>
    <Filter Include="Crusade\Wrapper">
      <UniqueIdentifier>{e39f89c2-aa60-445a-a6ec-f6203ba8cdc3}</UniqueIdentifier>
    </Filter>
    <Filter Include="Crusade\Utility">
      <UniqueIdentifier>{dbcee6d4-d65d-4c23-96ea-ef3fc32de0cf}</UniqueIdentifier>
    </Filter>
    <Filter Include="Crusade\Foundation">
      <UniqueIdentifier>{b5c6a1a7-94a5-422b-acd3-c95ca58059c7}</UniqueIdentifier>
    </Filter>
    <Filter Include="Crusade\Foundation\Input">
      <UniqueIdentifier>{e2bae5db-0b35-4acc-8704-77dc3c748410}</UniqueIdentifier>
    </Filter>
    <Filter Include="Crusade\Foundation\Rendering">
      <UniqueIdentifier>{2e69ed99-66cc-40b7-a39c-096b09fb81b3}</UniqueIdentifier>
    </Filter>
    <Filter Include="Crusade\Foundation\Resource">
      <UniqueIdentifier>{5bf9d93d-b135-4e40-8b5c-c1ba7bf52c64}</UniqueIdentifier>
    </Filter>
    <Filter Include="Crusade\Foundation\GameLoop">
      <UniqueIdentifier>{bf1d4d6f-f7d8-4a61-8673-3e436fe5821b}</UniqueIdentifier>
    </Filter>
    <Filter Include="Crusade\Foundation\PCH">
      <UniqueIdentifier>{3cc3184d-e2cf-48ae-b803-7c1a4459b792}</UniqueIdentifier>
    </Filter>
    <Filter Include="Crusade\Game">
      <UniqueIdentifier>{e19c996f-c9b1-40bb-abf0-620ef54dd76f}</UniqueIdentifier>
    </Filter>
    <Filter Include="Crusade\Foundation\Services">
      <UniqueIdentifier>{f73d6cee-758d-4223-9541-1727da6c0578}</UniqueIdentifier>
    </Filter>
    <Filter Include="Crusade\Foundation\Services\Sound">
      <UniqueIdentifier>{c1a4be44-8d89-48ac-9c8b-8e0479ab08b1}</UniqueIdentifier>
    </Filter>
    <Filter Include="Crusade\Game\Qbert">
      <UniqueIdentifier>{cc67877c-9bdd-4851-89ab-a24f090009d6}</UniqueIdentifier>
    </Filter>
    <Filter Include="Crusade\Game\Qbert\Observers">
      <UniqueIdentifier>{c1576fe2-e326-4369-83f2-09e29a7b15e7}</UniqueIdentifier>
    </Filter>
    <Filter Include="Crusade\Game\Qbert\Player">
      <UniqueIdentifier>{a3ebaeb3-7245-4945-b235-ca074589805b}</UniqueIdentifier>
    </Filter>
    <Filter Include="Crusade\Game\Qbert\AI">
      <UniqueIdentifier>{3efc7f99-4d69-4d87-870b-c8e156d0c6b0}</UniqueIdentifier>
    </Filter>
    <Filter Include="Crusade\Game\Qbert\Level">
      <UniqueIdentifier>{371904f3-b3b2-476f-aee8-313f14c76928}</UniqueIdentifier>
    </Filter>
    <Filter Include="Crusade\Game\Qbert\Interatable">
      <UniqueIdentifier>{61be26b6-6906-4b1d-b54c-64912b55a67d}</UniqueIdentifier>
    </Filter>
  </ItemGroup>
</Project>